
Microsoft Visual Studio Solution File, Format Version 12.00
# Visual Studio Version 16
VisualStudioVersion = 16.0.31005.135
MinimumVisualStudioVersion = 10.0.40219.1
Project("{FAE04EC0-301F-11D3-BF4B-00C04F79EFBC}") = "LogView", "LogView\LogView.csproj", "{C65C71D0-3497-48E9-A078-C1B33D1BA63D}"
EndProject
Global
	GlobalSection(SolutionConfigurationPlatforms) = preSolution
		Debug|Any CPU = Debug|Any CPU
		Release|Any CPU = Release|Any CPU
	EndGlobalSection
	GlobalSection(ProjectConfigurationPlatforms) = postSolution
		{C65C71D0-3497-48E9-A078-C1B33D1BA63D}.Debug|Any CPU.ActiveCfg = Debug|Any CPU
		{C65C71D0-3497-48E9-A078-C1B33D1BA63D}.Debug|Any CPU.Build.0 = Debug|Any CPU
		{C65C71D0-3497-48E9-A078-C1B33D1BA63D}.Release|Any CPU.ActiveCfg = Release|Any CPU
		{C65C71D0-3497-48E9-A078-C1B33D1BA63D}.Release|Any CPU.Build.0 = Release|Any CPU
	EndGlobalSection
	GlobalSection(SolutionProperties) = preSolution
		HideSolutionNode = FALSE
	EndGlobalSection
	GlobalSection(ExtensibilityGlobals) = postSolution
		SolutionGuid = {2C98FA3F-E554-4DEF-A6F0-5B27C095F058}
	EndGlobalSection
EndGlobal
